// !$*UTF8*$!
{
	archiveVersion = 1;
	classes = {
	};
	objectVersion = 46;
	objects = {

/* Begin PBXBuildFile section */
		3174FE52D262E48FF05FE6B7 /* Pods_Click_BrickUITests.framework in Frameworks */ = {isa = PBXBuildFile; fileRef = 4671F67474A2D2557C50FE49 /* Pods_Click_BrickUITests.framework */; };
		368C7AF69C0CA6E1409A9862 /* Pods_Click_Brick.framework in Frameworks */ = {isa = PBXBuildFile; fileRef = 8A2957F1A1828B9AB37ACCF4 /* Pods_Click_Brick.framework */; };
		B12FD09F1D9CC52B001AE165 /* success.mp3 in Resources */ = {isa = PBXBuildFile; fileRef = B12FD09E1D9CC52B001AE165 /* success.mp3 */; };
		B1607F541D63964B00E0263B /* GameStatsModel.swift in Sources */ = {isa = PBXBuildFile; fileRef = B1607F531D63964B00E0263B /* GameStatsModel.swift */; };
		B187FA121D63459A00234AA5 /* fit.mp3 in Resources */ = {isa = PBXBuildFile; fileRef = B187FA111D63459A00234AA5 /* fit.mp3 */; };
		B1B3212F1D5C5D5B00488D68 /* ColorModel.swift in Sources */ = {isa = PBXBuildFile; fileRef = B1B3212E1D5C5D5B00488D68 /* ColorModel.swift */; };
		B1B321311D5C5D6E00488D68 /* BaseModel.swift in Sources */ = {isa = PBXBuildFile; fileRef = B1B321301D5C5D6E00488D68 /* BaseModel.swift */; };
		B1B4DB071D5478D400420A47 /* AppDelegate.swift in Sources */ = {isa = PBXBuildFile; fileRef = B1B4DB061D5478D400420A47 /* AppDelegate.swift */; };
		B1B4DB0B1D5478D400420A47 /* GameScene.swift in Sources */ = {isa = PBXBuildFile; fileRef = B1B4DB0A1D5478D400420A47 /* GameScene.swift */; };
		B1B4DB0D1D5478D400420A47 /* GameViewController.swift in Sources */ = {isa = PBXBuildFile; fileRef = B1B4DB0C1D5478D400420A47 /* GameViewController.swift */; };
		B1B4DB101D5478D400420A47 /* Main.storyboard in Resources */ = {isa = PBXBuildFile; fileRef = B1B4DB0E1D5478D400420A47 /* Main.storyboard */; };
		B1B4DB121D5478D400420A47 /* Assets.xcassets in Resources */ = {isa = PBXBuildFile; fileRef = B1B4DB111D5478D400420A47 /* Assets.xcassets */; };
		B1B4DB151D5478D400420A47 /* LaunchScreen.storyboard in Resources */ = {isa = PBXBuildFile; fileRef = B1B4DB131D5478D400420A47 /* LaunchScreen.storyboard */; };
		B1B4DB201D5478D400420A47 /* Click_BrickUITests.swift in Sources */ = {isa = PBXBuildFile; fileRef = B1B4DB1F1D5478D400420A47 /* Click_BrickUITests.swift */; };
		B1B4DB2C1D547E7700420A47 /* BrickNode.swift in Sources */ = {isa = PBXBuildFile; fileRef = B1B4DB2B1D547E7700420A47 /* BrickNode.swift */; };
		B1D3A99E1D61ECC300AAA781 /* applause.mp3 in Resources */ = {isa = PBXBuildFile; fileRef = B1D3A99D1D61ECC300AAA781 /* applause.mp3 */; };
		B1DE7B541D65E06800B81E1B /* fail.mp3 in Resources */ = {isa = PBXBuildFile; fileRef = B1DE7B531D65E06800B81E1B /* fail.mp3 */; };
		B1DE7B6F1D65F0C300B81E1B /* GoogleService-Info.plist in Resources */ = {isa = PBXBuildFile; fileRef = B1DE7B6E1D65F0C300B81E1B /* GoogleService-Info.plist */; };
		B1DE7B711D65F19D00B81E1B /* GoogleServiceModel.swift in Sources */ = {isa = PBXBuildFile; fileRef = B1DE7B701D65F19D00B81E1B /* GoogleServiceModel.swift */; };
		B1EED7051D67857000679C8D /* SnapshotHelper.swift in Sources */ = {isa = PBXBuildFile; fileRef = B1EED7041D67857000679C8D /* SnapshotHelper.swift */; };
/* End PBXBuildFile section */

/* Begin PBXContainerItemProxy section */
		B1B4DB1C1D5478D400420A47 /* PBXContainerItemProxy */ = {
			isa = PBXContainerItemProxy;
			containerPortal = B1B4DAFB1D5478D300420A47 /* Project object */;
			proxyType = 1;
			remoteGlobalIDString = B1B4DB021D5478D300420A47;
			remoteInfo = "Click Brick";
		};
/* End PBXContainerItemProxy section */

/* Begin PBXFileReference section */
		1C15612AF1A56AEF5A787042 /* Pods-Click BrickUITests.release.xcconfig */ = {isa = PBXFileReference; includeInIndex = 1; lastKnownFileType = text.xcconfig; name = "Pods-Click BrickUITests.release.xcconfig"; path = "Pods/Target Support Files/Pods-Click BrickUITests/Pods-Click BrickUITests.release.xcconfig"; sourceTree = "<group>"; };
		346CA54493A8B752CF46A69F /* Pods-Click Brick.debug.xcconfig */ = {isa = PBXFileReference; includeInIndex = 1; lastKnownFileType = text.xcconfig; name = "Pods-Click Brick.debug.xcconfig"; path = "Pods/Target Support Files/Pods-Click Brick/Pods-Click Brick.debug.xcconfig"; sourceTree = "<group>"; };
		4671F67474A2D2557C50FE49 /* Pods_Click_BrickUITests.framework */ = {isa = PBXFileReference; explicitFileType = wrapper.framework; includeInIndex = 0; path = Pods_Click_BrickUITests.framework; sourceTree = BUILT_PRODUCTS_DIR; };
		76B53A54295FBAA876D0E55E /* Pods-Click Brick.release.xcconfig */ = {isa = PBXFileReference; includeInIndex = 1; lastKnownFileType = text.xcconfig; name = "Pods-Click Brick.release.xcconfig"; path = "Pods/Target Support Files/Pods-Click Brick/Pods-Click Brick.release.xcconfig"; sourceTree = "<group>"; };
		86DB3FC78EA20C1998562BD5 /* Pods-Click BrickUITests.debug.xcconfig */ = {isa = PBXFileReference; includeInIndex = 1; lastKnownFileType = text.xcconfig; name = "Pods-Click BrickUITests.debug.xcconfig"; path = "Pods/Target Support Files/Pods-Click BrickUITests/Pods-Click BrickUITests.debug.xcconfig"; sourceTree = "<group>"; };
		8A2957F1A1828B9AB37ACCF4 /* Pods_Click_Brick.framework */ = {isa = PBXFileReference; explicitFileType = wrapper.framework; includeInIndex = 0; path = Pods_Click_Brick.framework; sourceTree = BUILT_PRODUCTS_DIR; };
		B12FD09E1D9CC52B001AE165 /* success.mp3 */ = {isa = PBXFileReference; lastKnownFileType = audio.mp3; path = success.mp3; sourceTree = "<group>"; };
		B1607F531D63964B00E0263B /* GameStatsModel.swift */ = {isa = PBXFileReference; fileEncoding = 4; lastKnownFileType = sourcecode.swift; path = GameStatsModel.swift; sourceTree = "<group>"; };
		B187FA111D63459A00234AA5 /* fit.mp3 */ = {isa = PBXFileReference; lastKnownFileType = audio.mp3; path = fit.mp3; sourceTree = "<group>"; };
		B1B3212E1D5C5D5B00488D68 /* ColorModel.swift */ = {isa = PBXFileReference; fileEncoding = 4; lastKnownFileType = sourcecode.swift; path = ColorModel.swift; sourceTree = "<group>"; };
		B1B321301D5C5D6E00488D68 /* BaseModel.swift */ = {isa = PBXFileReference; fileEncoding = 4; lastKnownFileType = sourcecode.swift; path = BaseModel.swift; sourceTree = "<group>"; };
		B1B4DB031D5478D300420A47 /* Click Brick.app */ = {isa = PBXFileReference; explicitFileType = wrapper.application; includeInIndex = 0; path = "Click Brick.app"; sourceTree = BUILT_PRODUCTS_DIR; };
		B1B4DB061D5478D400420A47 /* AppDelegate.swift */ = {isa = PBXFileReference; lastKnownFileType = sourcecode.swift; path = AppDelegate.swift; sourceTree = "<group>"; };
		B1B4DB0A1D5478D400420A47 /* GameScene.swift */ = {isa = PBXFileReference; lastKnownFileType = sourcecode.swift; path = GameScene.swift; sourceTree = "<group>"; };
		B1B4DB0C1D5478D400420A47 /* GameViewController.swift */ = {isa = PBXFileReference; lastKnownFileType = sourcecode.swift; path = GameViewController.swift; sourceTree = "<group>"; };
		B1B4DB0F1D5478D400420A47 /* Base */ = {isa = PBXFileReference; lastKnownFileType = file.storyboard; name = Base; path = Base.lproj/Main.storyboard; sourceTree = "<group>"; };
		B1B4DB111D5478D400420A47 /* Assets.xcassets */ = {isa = PBXFileReference; lastKnownFileType = folder.assetcatalog; path = Assets.xcassets; sourceTree = "<group>"; };
		B1B4DB141D5478D400420A47 /* Base */ = {isa = PBXFileReference; lastKnownFileType = file.storyboard; name = Base; path = Base.lproj/LaunchScreen.storyboard; sourceTree = "<group>"; };
		B1B4DB161D5478D400420A47 /* Info.plist */ = {isa = PBXFileReference; lastKnownFileType = text.plist.xml; path = Info.plist; sourceTree = "<group>"; };
		B1B4DB1B1D5478D400420A47 /* Click BrickUITests.xctest */ = {isa = PBXFileReference; explicitFileType = wrapper.cfbundle; includeInIndex = 0; path = "Click BrickUITests.xctest"; sourceTree = BUILT_PRODUCTS_DIR; };
		B1B4DB1F1D5478D400420A47 /* Click_BrickUITests.swift */ = {isa = PBXFileReference; lastKnownFileType = sourcecode.swift; path = Click_BrickUITests.swift; sourceTree = "<group>"; };
		B1B4DB211D5478D400420A47 /* Info.plist */ = {isa = PBXFileReference; lastKnownFileType = text.plist.xml; path = Info.plist; sourceTree = "<group>"; };
		B1B4DB2B1D547E7700420A47 /* BrickNode.swift */ = {isa = PBXFileReference; fileEncoding = 4; lastKnownFileType = sourcecode.swift; path = BrickNode.swift; sourceTree = "<group>"; };
		B1D3A99D1D61ECC300AAA781 /* applause.mp3 */ = {isa = PBXFileReference; lastKnownFileType = audio.mp3; path = applause.mp3; sourceTree = "<group>"; };
		B1DE7B531D65E06800B81E1B /* fail.mp3 */ = {isa = PBXFileReference; lastKnownFileType = audio.mp3; path = fail.mp3; sourceTree = "<group>"; };
		B1DE7B631D65E7F300B81E1B /* Click Brick-Bridging-Header.h */ = {isa = PBXFileReference; lastKnownFileType = sourcecode.c.h; path = "Click Brick-Bridging-Header.h"; sourceTree = "<group>"; };
		B1DE7B6E1D65F0C300B81E1B /* GoogleService-Info.plist */ = {isa = PBXFileReference; fileEncoding = 4; lastKnownFileType = text.plist.xml; path = "GoogleService-Info.plist"; sourceTree = "<group>"; };
		B1DE7B701D65F19D00B81E1B /* GoogleServiceModel.swift */ = {isa = PBXFileReference; fileEncoding = 4; lastKnownFileType = sourcecode.swift; path = GoogleServiceModel.swift; sourceTree = "<group>"; };
		B1EED7041D67857000679C8D /* SnapshotHelper.swift */ = {isa = PBXFileReference; fileEncoding = 4; lastKnownFileType = sourcecode.swift; path = SnapshotHelper.swift; sourceTree = "<group>"; };
		B1FB87B91D65FFF6009C5D65 /* Click Brick.entitlements */ = {isa = PBXFileReference; lastKnownFileType = text.xml; path = "Click Brick.entitlements"; sourceTree = "<group>"; };
/* End PBXFileReference section */

/* Begin PBXFrameworksBuildPhase section */
		B1B4DB001D5478D300420A47 /* Frameworks */ = {
			isa = PBXFrameworksBuildPhase;
			buildActionMask = 2147483647;
			files = (
				368C7AF69C0CA6E1409A9862 /* Pods_Click_Brick.framework in Frameworks */,
			);
			runOnlyForDeploymentPostprocessing = 0;
		};
		B1B4DB181D5478D400420A47 /* Frameworks */ = {
			isa = PBXFrameworksBuildPhase;
			buildActionMask = 2147483647;
			files = (
				3174FE52D262E48FF05FE6B7 /* Pods_Click_BrickUITests.framework in Frameworks */,
			);
			runOnlyForDeploymentPostprocessing = 0;
		};
/* End PBXFrameworksBuildPhase section */

/* Begin PBXGroup section */
		25F6526D6ABE858794150BC4 /* Pods */ = {
			isa = PBXGroup;
			children = (
				346CA54493A8B752CF46A69F /* Pods-Click Brick.debug.xcconfig */,
				76B53A54295FBAA876D0E55E /* Pods-Click Brick.release.xcconfig */,
				86DB3FC78EA20C1998562BD5 /* Pods-Click BrickUITests.debug.xcconfig */,
				1C15612AF1A56AEF5A787042 /* Pods-Click BrickUITests.release.xcconfig */,
			);
			name = Pods;
			sourceTree = "<group>";
		};
		B1B3212D1D5C5D4B00488D68 /* Model */ = {
			isa = PBXGroup;
			children = (
				B1DE7B701D65F19D00B81E1B /* GoogleServiceModel.swift */,
				B1607F531D63964B00E0263B /* GameStatsModel.swift */,
				B1B3212E1D5C5D5B00488D68 /* ColorModel.swift */,
				B1B321301D5C5D6E00488D68 /* BaseModel.swift */,
			);
			name = Model;
			sourceTree = "<group>";
		};
		B1B4DAFA1D5478D300420A47 = {
			isa = PBXGroup;
			children = (
				B1B4DB051D5478D300420A47 /* Click Brick */,
				B1B4DB1E1D5478D400420A47 /* Click BrickUITests */,
				B1B4DB041D5478D300420A47 /* Products */,
				25F6526D6ABE858794150BC4 /* Pods */,
				BD74EDF4E93419224115B2CF /* Frameworks */,
			);
			sourceTree = "<group>";
		};
		B1B4DB041D5478D300420A47 /* Products */ = {
			isa = PBXGroup;
			children = (
				B1B4DB031D5478D300420A47 /* Click Brick.app */,
				B1B4DB1B1D5478D400420A47 /* Click BrickUITests.xctest */,
			);
			name = Products;
			sourceTree = "<group>";
		};
		B1B4DB051D5478D300420A47 /* Click Brick */ = {
			isa = PBXGroup;
			children = (
				B1FB87B91D65FFF6009C5D65 /* Click Brick.entitlements */,
				B1F74FF91D61836F005423BE /* App */,
				B1B3212D1D5C5D4B00488D68 /* Model */,
				B1B4DB2A1D547E5D00420A47 /* SpriteNode */,
				B1B4DB0A1D5478D400420A47 /* GameScene.swift */,
				B1B4DB0C1D5478D400420A47 /* GameViewController.swift */,
				B1B4DB0E1D5478D400420A47 /* Main.storyboard */,
				B1B4DB161D5478D400420A47 /* Info.plist */,
				B1DE7B6E1D65F0C300B81E1B /* GoogleService-Info.plist */,
			);
			path = "Click Brick";
			sourceTree = "<group>";
		};
		B1B4DB1E1D5478D400420A47 /* Click BrickUITests */ = {
			isa = PBXGroup;
			children = (
				B1B4DB1F1D5478D400420A47 /* Click_BrickUITests.swift */,
				B1EED7041D67857000679C8D /* SnapshotHelper.swift */,
				B1B4DB211D5478D400420A47 /* Info.plist */,
			);
			path = "Click BrickUITests";
			sourceTree = "<group>";
		};
		B1B4DB2A1D547E5D00420A47 /* SpriteNode */ = {
			isa = PBXGroup;
			children = (
				B1B4DB2B1D547E7700420A47 /* BrickNode.swift */,
			);
			name = SpriteNode;
			sourceTree = "<group>";
		};
		B1DE7B671D65E89E00B81E1B /* BDGShare */ = {
			isa = PBXGroup;
			children = (
			);
			name = BDGShare;
			sourceTree = "<group>";
		};
		B1F74FF91D61836F005423BE /* App */ = {
			isa = PBXGroup;
			children = (
				B1DE7B671D65E89E00B81E1B /* BDGShare */,
				B1F74FFA1D618861005423BE /* Sound */,
				B1B4DB061D5478D400420A47 /* AppDelegate.swift */,
				B1B4DB111D5478D400420A47 /* Assets.xcassets */,
				B1B4DB131D5478D400420A47 /* LaunchScreen.storyboard */,
				B1DE7B631D65E7F300B81E1B /* Click Brick-Bridging-Header.h */,
			);
			name = App;
			sourceTree = "<group>";
		};
		B1F74FFA1D618861005423BE /* Sound */ = {
			isa = PBXGroup;
			children = (
				B1DE7B531D65E06800B81E1B /* fail.mp3 */,
				B187FA111D63459A00234AA5 /* fit.mp3 */,
				B12FD09E1D9CC52B001AE165 /* success.mp3 */,
				B1D3A99D1D61ECC300AAA781 /* applause.mp3 */,
			);
			name = Sound;
			sourceTree = "<group>";
		};
		BD74EDF4E93419224115B2CF /* Frameworks */ = {
			isa = PBXGroup;
			children = (
				8A2957F1A1828B9AB37ACCF4 /* Pods_Click_Brick.framework */,
				4671F67474A2D2557C50FE49 /* Pods_Click_BrickUITests.framework */,
			);
			name = Frameworks;
			sourceTree = "<group>";
		};
/* End PBXGroup section */

/* Begin PBXNativeTarget section */
		B1B4DB021D5478D300420A47 /* Click Brick */ = {
			isa = PBXNativeTarget;
			buildConfigurationList = B1B4DB241D5478D400420A47 /* Build configuration list for PBXNativeTarget "Click Brick" */;
			buildPhases = (
				5721CCC448FC3510B581815C /* 📦 Check Pods Manifest.lock */,
				B1B4DAFF1D5478D300420A47 /* Sources */,
				B1B4DB001D5478D300420A47 /* Frameworks */,
				B1B4DB011D5478D300420A47 /* Resources */,
				7CE177B4929063D01E59187C /* 📦 Embed Pods Frameworks */,
				A1599F4B5C1FF90A834AAEC8 /* 📦 Copy Pods Resources */,
			);
			buildRules = (
			);
			dependencies = (
			);
			name = "Click Brick";
			productName = "Click Brick";
			productReference = B1B4DB031D5478D300420A47 /* Click Brick.app */;
			productType = "com.apple.product-type.application";
		};
		B1B4DB1A1D5478D400420A47 /* Click BrickUITests */ = {
			isa = PBXNativeTarget;
			buildConfigurationList = B1B4DB271D5478D400420A47 /* Build configuration list for PBXNativeTarget "Click BrickUITests" */;
			buildPhases = (
				869637838BCFF136525CEDF9 /* 📦 Check Pods Manifest.lock */,
				B1B4DB171D5478D400420A47 /* Sources */,
				B1B4DB181D5478D400420A47 /* Frameworks */,
				B1B4DB191D5478D400420A47 /* Resources */,
				3D6592E6E30E099AAA20B62A /* 📦 Copy Pods Resources */,
			);
			buildRules = (
			);
			dependencies = (
				B1B4DB1D1D5478D400420A47 /* PBXTargetDependency */,
			);
			name = "Click BrickUITests";
			productName = "Click BrickUITests";
			productReference = B1B4DB1B1D5478D400420A47 /* Click BrickUITests.xctest */;
			productType = "com.apple.product-type.bundle.ui-testing";
		};
/* End PBXNativeTarget section */

/* Begin PBXProject section */
		B1B4DAFB1D5478D300420A47 /* Project object */ = {
			isa = PBXProject;
			attributes = {
				LastSwiftUpdateCheck = 0730;
				LastUpgradeCheck = 0730;
				ORGANIZATIONNAME = "Okan Kurtulus";
				TargetAttributes = {
					B1B4DB021D5478D300420A47 = {
						CreatedOnToolsVersion = 7.3.1;
						DevelopmentTeam = 8V9FEAB5WD;
						SystemCapabilities = {
							com.apple.SafariKeychain = {
								enabled = 0;
							};
						};
					};
					B1B4DB1A1D5478D400420A47 = {
						CreatedOnToolsVersion = 7.3.1;
						TestTargetID = B1B4DB021D5478D300420A47;
					};
				};
			};
			buildConfigurationList = B1B4DAFE1D5478D300420A47 /* Build configuration list for PBXProject "Click Brick" */;
			compatibilityVersion = "Xcode 3.2";
			developmentRegion = English;
			hasScannedForEncodings = 0;
			knownRegions = (
				en,
				Base,
			);
			mainGroup = B1B4DAFA1D5478D300420A47;
			productRefGroup = B1B4DB041D5478D300420A47 /* Products */;
			projectDirPath = "";
			projectRoot = "";
			targets = (
				B1B4DB021D5478D300420A47 /* Click Brick */,
				B1B4DB1A1D5478D400420A47 /* Click BrickUITests */,
			);
		};
/* End PBXProject section */

/* Begin PBXResourcesBuildPhase section */
		B1B4DB011D5478D300420A47 /* Resources */ = {
			isa = PBXResourcesBuildPhase;
			buildActionMask = 2147483647;
			files = (
				B187FA121D63459A00234AA5 /* fit.mp3 in Resources */,
				B1B4DB151D5478D400420A47 /* LaunchScreen.storyboard in Resources */,
				B12FD09F1D9CC52B001AE165 /* success.mp3 in Resources */,
				B1DE7B6F1D65F0C300B81E1B /* GoogleService-Info.plist in Resources */,
				B1DE7B541D65E06800B81E1B /* fail.mp3 in Resources */,
				B1D3A99E1D61ECC300AAA781 /* applause.mp3 in Resources */,
				B1B4DB121D5478D400420A47 /* Assets.xcassets in Resources */,
				B1B4DB101D5478D400420A47 /* Main.storyboard in Resources */,
			);
			runOnlyForDeploymentPostprocessing = 0;
		};
		B1B4DB191D5478D400420A47 /* Resources */ = {
			isa = PBXResourcesBuildPhase;
			buildActionMask = 2147483647;
			files = (
			);
			runOnlyForDeploymentPostprocessing = 0;
		};
/* End PBXResourcesBuildPhase section */

/* Begin PBXShellScriptBuildPhase section */
		3D6592E6E30E099AAA20B62A /* 📦 Copy Pods Resources */ = {
			isa = PBXShellScriptBuildPhase;
			buildActionMask = 2147483647;
			files = (
			);
			inputPaths = (
			);
			name = "📦 Copy Pods Resources";
			outputPaths = (
			);
			runOnlyForDeploymentPostprocessing = 0;
			shellPath = /bin/sh;
			shellScript = "\"${SRCROOT}/Pods/Target Support Files/Pods-Click BrickUITests/Pods-Click BrickUITests-resources.sh\"\n";
			showEnvVarsInLog = 0;
		};
		5721CCC448FC3510B581815C /* 📦 Check Pods Manifest.lock */ = {
			isa = PBXShellScriptBuildPhase;
			buildActionMask = 2147483647;
			files = (
			);
			inputPaths = (
			);
			name = "📦 Check Pods Manifest.lock";
			outputPaths = (
			);
			runOnlyForDeploymentPostprocessing = 0;
			shellPath = /bin/sh;
			shellScript = "diff \"${PODS_ROOT}/../Podfile.lock\" \"${PODS_ROOT}/Manifest.lock\" > /dev/null\nif [[ $? != 0 ]] ; then\n    cat << EOM\nerror: The sandbox is not in sync with the Podfile.lock. Run 'pod install' or update your CocoaPods installation.\nEOM\n    exit 1\nfi\n";
			showEnvVarsInLog = 0;
		};
		7CE177B4929063D01E59187C /* 📦 Embed Pods Frameworks */ = {
			isa = PBXShellScriptBuildPhase;
			buildActionMask = 2147483647;
			files = (
			);
			inputPaths = (
			);
			name = "📦 Embed Pods Frameworks";
			outputPaths = (
			);
			runOnlyForDeploymentPostprocessing = 0;
			shellPath = /bin/sh;
			shellScript = "\"${SRCROOT}/Pods/Target Support Files/Pods-Click Brick/Pods-Click Brick-frameworks.sh\"\n";
			showEnvVarsInLog = 0;
		};
		869637838BCFF136525CEDF9 /* 📦 Check Pods Manifest.lock */ = {
			isa = PBXShellScriptBuildPhase;
			buildActionMask = 2147483647;
			files = (
			);
			inputPaths = (
			);
			name = "📦 Check Pods Manifest.lock";
			outputPaths = (
			);
			runOnlyForDeploymentPostprocessing = 0;
			shellPath = /bin/sh;
			shellScript = "diff \"${PODS_ROOT}/../Podfile.lock\" \"${PODS_ROOT}/Manifest.lock\" > /dev/null\nif [[ $? != 0 ]] ; then\n    cat << EOM\nerror: The sandbox is not in sync with the Podfile.lock. Run 'pod install' or update your CocoaPods installation.\nEOM\n    exit 1\nfi\n";
			showEnvVarsInLog = 0;
		};
		A1599F4B5C1FF90A834AAEC8 /* 📦 Copy Pods Resources */ = {
			isa = PBXShellScriptBuildPhase;
			buildActionMask = 2147483647;
			files = (
			);
			inputPaths = (
			);
			name = "📦 Copy Pods Resources";
			outputPaths = (
			);
			runOnlyForDeploymentPostprocessing = 0;
			shellPath = /bin/sh;
			shellScript = "\"${SRCROOT}/Pods/Target Support Files/Pods-Click Brick/Pods-Click Brick-resources.sh\"\n";
			showEnvVarsInLog = 0;
		};
/* End PBXShellScriptBuildPhase section */

/* Begin PBXSourcesBuildPhase section */
		B1B4DAFF1D5478D300420A47 /* Sources */ = {
			isa = PBXSourcesBuildPhase;
			buildActionMask = 2147483647;
			files = (
				B1B321311D5C5D6E00488D68 /* BaseModel.swift in Sources */,
				B1607F541D63964B00E0263B /* GameStatsModel.swift in Sources */,
				B1DE7B711D65F19D00B81E1B /* GoogleServiceModel.swift in Sources */,
				B1B4DB0B1D5478D400420A47 /* GameScene.swift in Sources */,
				B1B4DB0D1D5478D400420A47 /* GameViewController.swift in Sources */,
				B1B4DB071D5478D400420A47 /* AppDelegate.swift in Sources */,
				B1B4DB2C1D547E7700420A47 /* BrickNode.swift in Sources */,
				B1B3212F1D5C5D5B00488D68 /* ColorModel.swift in Sources */,
			);
			runOnlyForDeploymentPostprocessing = 0;
		};
		B1B4DB171D5478D400420A47 /* Sources */ = {
			isa = PBXSourcesBuildPhase;
			buildActionMask = 2147483647;
			files = (
				B1B4DB201D5478D400420A47 /* Click_BrickUITests.swift in Sources */,
				B1EED7051D67857000679C8D /* SnapshotHelper.swift in Sources */,
			);
			runOnlyForDeploymentPostprocessing = 0;
		};
/* End PBXSourcesBuildPhase section */

/* Begin PBXTargetDependency section */
		B1B4DB1D1D5478D400420A47 /* PBXTargetDependency */ = {
			isa = PBXTargetDependency;
			target = B1B4DB021D5478D300420A47 /* Click Brick */;
			targetProxy = B1B4DB1C1D5478D400420A47 /* PBXContainerItemProxy */;
		};
/* End PBXTargetDependency section */

/* Begin PBXVariantGroup section */
		B1B4DB0E1D5478D400420A47 /* Main.storyboard */ = {
			isa = PBXVariantGroup;
			children = (
				B1B4DB0F1D5478D400420A47 /* Base */,
			);
			name = Main.storyboard;
			sourceTree = "<group>";
		};
		B1B4DB131D5478D400420A47 /* LaunchScreen.storyboard */ = {
			isa = PBXVariantGroup;
			children = (
				B1B4DB141D5478D400420A47 /* Base */,
			);
			name = LaunchScreen.storyboard;
			sourceTree = "<group>";
		};
/* End PBXVariantGroup section */

/* Begin XCBuildConfiguration section */
		B1B4DB221D5478D400420A47 /* Debug */ = {
			isa = XCBuildConfiguration;
			buildSettings = {
				ALWAYS_SEARCH_USER_PATHS = NO;
				CLANG_ANALYZER_NONNULL = YES;
				CLANG_CXX_LANGUAGE_STANDARD = "gnu++0x";
				CLANG_CXX_LIBRARY = "libc++";
				CLANG_ENABLE_MODULES = YES;
				CLANG_ENABLE_OBJC_ARC = YES;
				CLANG_WARN_BOOL_CONVERSION = YES;
				CLANG_WARN_CONSTANT_CONVERSION = YES;
				CLANG_WARN_DIRECT_OBJC_ISA_USAGE = YES_ERROR;
				CLANG_WARN_EMPTY_BODY = YES;
				CLANG_WARN_ENUM_CONVERSION = YES;
				CLANG_WARN_INT_CONVERSION = YES;
				CLANG_WARN_OBJC_ROOT_CLASS = YES_ERROR;
				CLANG_WARN_UNREACHABLE_CODE = YES;
				CLANG_WARN__DUPLICATE_METHOD_MATCH = YES;
				"CODE_SIGN_IDENTITY[sdk=iphoneos*]" = "iPhone Developer";
				COPY_PHASE_STRIP = NO;
				DEBUG_INFORMATION_FORMAT = "dwarf-with-dsym";
				ENABLE_STRICT_OBJC_MSGSEND = YES;
				ENABLE_TESTABILITY = YES;
				GCC_C_LANGUAGE_STANDARD = gnu99;
				GCC_DYNAMIC_NO_PIC = NO;
				GCC_NO_COMMON_BLOCKS = YES;
				GCC_OPTIMIZATION_LEVEL = 0;
				GCC_PREPROCESSOR_DEFINITIONS = (
					"DEBUG=1",
					"$(inherited)",
				);
				GCC_WARN_64_TO_32_BIT_CONVERSION = YES;
				GCC_WARN_ABOUT_RETURN_TYPE = YES_ERROR;
				GCC_WARN_UNDECLARED_SELECTOR = YES;
				GCC_WARN_UNINITIALIZED_AUTOS = YES_AGGRESSIVE;
				GCC_WARN_UNUSED_FUNCTION = YES;
				GCC_WARN_UNUSED_VARIABLE = YES;
				IPHONEOS_DEPLOYMENT_TARGET = 9.0;
				MTL_ENABLE_DEBUG_INFO = YES;
				ONLY_ACTIVE_ARCH = YES;
				SDKROOT = iphoneos;
				SWIFT_OPTIMIZATION_LEVEL = "-Onone";
				TARGETED_DEVICE_FAMILY = "1,2";
			};
			name = Debug;
		};
		B1B4DB231D5478D400420A47 /* Release */ = {
			isa = XCBuildConfiguration;
			buildSettings = {
				ALWAYS_SEARCH_USER_PATHS = NO;
				CLANG_ANALYZER_NONNULL = YES;
				CLANG_CXX_LANGUAGE_STANDARD = "gnu++0x";
				CLANG_CXX_LIBRARY = "libc++";
				CLANG_ENABLE_MODULES = YES;
				CLANG_ENABLE_OBJC_ARC = YES;
				CLANG_WARN_BOOL_CONVERSION = YES;
				CLANG_WARN_CONSTANT_CONVERSION = YES;
				CLANG_WARN_DIRECT_OBJC_ISA_USAGE = YES_ERROR;
				CLANG_WARN_EMPTY_BODY = YES;
				CLANG_WARN_ENUM_CONVERSION = YES;
				CLANG_WARN_INT_CONVERSION = YES;
				CLANG_WARN_OBJC_ROOT_CLASS = YES_ERROR;
				CLANG_WARN_UNREACHABLE_CODE = YES;
				CLANG_WARN__DUPLICATE_METHOD_MATCH = YES;
				"CODE_SIGN_IDENTITY[sdk=iphoneos*]" = "iPhone Developer";
				COPY_PHASE_STRIP = NO;
				DEBUG_INFORMATION_FORMAT = "dwarf-with-dsym";
				ENABLE_NS_ASSERTIONS = NO;
				ENABLE_STRICT_OBJC_MSGSEND = YES;
				GCC_C_LANGUAGE_STANDARD = gnu99;
				GCC_NO_COMMON_BLOCKS = YES;
				GCC_WARN_64_TO_32_BIT_CONVERSION = YES;
				GCC_WARN_ABOUT_RETURN_TYPE = YES_ERROR;
				GCC_WARN_UNDECLARED_SELECTOR = YES;
				GCC_WARN_UNINITIALIZED_AUTOS = YES_AGGRESSIVE;
				GCC_WARN_UNUSED_FUNCTION = YES;
				GCC_WARN_UNUSED_VARIABLE = YES;
				IPHONEOS_DEPLOYMENT_TARGET = 9.0;
				MTL_ENABLE_DEBUG_INFO = NO;
				SDKROOT = iphoneos;
				TARGETED_DEVICE_FAMILY = "1,2";
				VALIDATE_PRODUCT = YES;
			};
			name = Release;
		};
		B1B4DB251D5478D400420A47 /* Debug */ = {
			isa = XCBuildConfiguration;
			baseConfigurationReference = 346CA54493A8B752CF46A69F /* Pods-Click Brick.debug.xcconfig */;
			buildSettings = {
				ASSETCATALOG_COMPILER_APPICON_NAME = AppIcon;
				CLANG_ENABLE_MODULES = YES;
				CODE_SIGN_IDENTITY = "iPhone Developer";
				INFOPLIST_FILE = "Click Brick/Info.plist";
				LD_RUNPATH_SEARCH_PATHS = "$(inherited) @executable_path/Frameworks";
				OTHER_SWIFT_FLAGS = "\"-D\" \"COCOAPODS\" -DDEBUG";
				PRODUCT_BUNDLE_IDENTIFIER = com.okn.brick;
				PRODUCT_NAME = "$(TARGET_NAME)";
				SWIFT_OBJC_BRIDGING_HEADER = "Click Brick/Click Brick-Bridging-Header.h";
				SWIFT_OPTIMIZATION_LEVEL = "-Onone";
			};
			name = Debug;
		};
		B1B4DB261D5478D400420A47 /* Release */ = {
			isa = XCBuildConfiguration;
			baseConfigurationReference = 76B53A54295FBAA876D0E55E /* Pods-Click Brick.release.xcconfig */;
			buildSettings = {
				ASSETCATALOG_COMPILER_APPICON_NAME = AppIcon;
				CLANG_ENABLE_MODULES = YES;
				CODE_SIGN_IDENTITY = "iPhone Developer";
				INFOPLIST_FILE = "Click Brick/Info.plist";
				LD_RUNPATH_SEARCH_PATHS = "$(inherited) @executable_path/Frameworks";
				OTHER_SWIFT_FLAGS = "\"-D\" \"COCOAPODS\"";
				PRODUCT_BUNDLE_IDENTIFIER = com.okn.brick;
				PRODUCT_NAME = "$(TARGET_NAME)";
				PROVISIONING_PROFILE = "fbb9beb5-619c-458c-a319-3983b5cadd8e";
				SWIFT_OBJC_BRIDGING_HEADER = "Click Brick/Click Brick-Bridging-Header.h";
			};
			name = Release;
		};
		B1B4DB281D5478D400420A47 /* Debug */ = {
			isa = XCBuildConfiguration;
			baseConfigurationReference = 86DB3FC78EA20C1998562BD5 /* Pods-Click BrickUITests.debug.xcconfig */;
			buildSettings = {
				DEBUG_INFORMATION_FORMAT = dwarf;
				INFOPLIST_FILE = "Click BrickUITests/Info.plist";
				LD_RUNPATH_SEARCH_PATHS = "$(inherited) @executable_path/Frameworks @loader_path/Frameworks";
				PRODUCT_BUNDLE_IDENTIFIER = "okankurtulus.Click-BrickUITests";
				PRODUCT_NAME = "$(TARGET_NAME)";
				TEST_TARGET_NAME = "Click Brick";
			};
			name = Debug;
		};
		B1B4DB291D5478D400420A47 /* Release */ = {
			isa = XCBuildConfiguration;
			baseConfigurationReference = 1C15612AF1A56AEF5A787042 /* Pods-Click BrickUITests.release.xcconfig */;
			buildSettings = {
				INFOPLIST_FILE = "Click BrickUITests/Info.plist";
				LD_RUNPATH_SEARCH_PATHS = "$(inherited) @executable_path/Frameworks @loader_path/Frameworks";
				PRODUCT_BUNDLE_IDENTIFIER = "okankurtulus.Click-BrickUITests";
				PRODUCT_NAME = "$(TARGET_NAME)";
				TEST_TARGET_NAME = "Click Brick";
			};
			name = Release;
		};
/* End XCBuildConfiguration section */

/* Begin XCConfigurationList section */
		B1B4DAFE1D5478D300420A47 /* Build configuration list for PBXProject "Click Brick" */ = {
			isa = XCConfigurationList;
			buildConfigurations = (
				B1B4DB221D5478D400420A47 /* Debug */,
				B1B4DB231D5478D400420A47 /* Release */,
			);
			defaultConfigurationIsVisible = 0;
			defaultConfigurationName = Release;
		};
		B1B4DB241D5478D400420A47 /* Build configuration list for PBXNativeTarget "Click Brick" */ = {
			isa = XCConfigurationList;
			buildConfigurations = (
				B1B4DB251D5478D400420A47 /* Debug */,
				B1B4DB261D5478D400420A47 /* Release */,
			);
			defaultConfigurationIsVisible = 0;
			defaultConfigurationName = Release;
		};
		B1B4DB271D5478D400420A47 /* Build configuration list for PBXNativeTarget "Click BrickUITests" */ = {
			isa = XCConfigurationList;
			buildConfigurations = (
				B1B4DB281D5478D400420A47 /* Debug */,
				B1B4DB291D5478D400420A47 /* Release */,
			);
			defaultConfigurationIsVisible = 0;
			defaultConfigurationName = Release;
		};
/* End XCConfigurationList section */
	};
	rootObject = B1B4DAFB1D5478D300420A47 /* Project object */;
}
